
Microsoft Visual Studio Solution File, Format Version 12.00
# Visual Studio Version 17
VisualStudioVersion = 17.0.31903.59
MinimumVisualStudioVersion = 10.0.40219.1
Project("{FAE04EC0-301F-11D3-BF4B-00C04F79EFBC}") = "ProductService", "ProductService\ProductService.csproj", "{4B6FFAD4-53DC-4FAB-88E5-7A63993081D5}"
EndProject
Project("{FAE04EC0-301F-11D3-BF4B-00C04F79EFBC}") = "OrderService", "OrderService\OrderService.csproj", "{742026A2-6B0A-4E65-A327-5133898321A6}"
EndProject
Project("{FAE04EC0-301F-11D3-BF4B-00C04F79EFBC}") = "UserService", "UserService\UserService.csproj", "{31FFB368-8310-44DF-AA8E-58876BD02E09}"
EndProject
Global
	GlobalSection(SolutionConfigurationPlatforms) = preSolution
		Debug|Any CPU = Debug|Any CPU
		Release|Any CPU = Release|Any CPU
	EndGlobalSection
	GlobalSection(SolutionProperties) = preSolution
		HideSolutionNode = FALSE
	EndGlobalSection
	GlobalSection(ProjectConfigurationPlatforms) = postSolution
		{4B6FFAD4-53DC-4FAB-88E5-7A63993081D5}.Debug|Any CPU.ActiveCfg = Debug|Any CPU
		{4B6FFAD4-53DC-4FAB-88E5-7A63993081D5}.Debug|Any CPU.Build.0 = Debug|Any CPU
		{4B6FFAD4-53DC-4FAB-88E5-7A63993081D5}.Release|Any CPU.ActiveCfg = Release|Any CPU
		{4B6FFAD4-53DC-4FAB-88E5-7A63993081D5}.Release|Any CPU.Build.0 = Release|Any CPU
		{742026A2-6B0A-4E65-A327-5133898321A6}.Debug|Any CPU.ActiveCfg = Debug|Any CPU
		{742026A2-6B0A-4E65-A327-5133898321A6}.Debug|Any CPU.Build.0 = Debug|Any CPU
		{742026A2-6B0A-4E65-A327-5133898321A6}.Release|Any CPU.ActiveCfg = Release|Any CPU
		{742026A2-6B0A-4E65-A327-5133898321A6}.Release|Any CPU.Build.0 = Release|Any CPU
		{31FFB368-8310-44DF-AA8E-58876BD02E09}.Debug|Any CPU.ActiveCfg = Debug|Any CPU
		{31FFB368-8310-44DF-AA8E-58876BD02E09}.Debug|Any CPU.Build.0 = Debug|Any CPU
		{31FFB368-8310-44DF-AA8E-58876BD02E09}.Release|Any CPU.ActiveCfg = Release|Any CPU
		{31FFB368-8310-44DF-AA8E-58876BD02E09}.Release|Any CPU.Build.0 = Release|Any CPU
	EndGlobalSection
EndGlobal
