
Microsoft Visual Studio Solution File, Format Version 12.00
# Visual Studio Version 17
VisualStudioVersion = 17.6.33829.357
MinimumVisualStudioVersion = 10.0.40219.1
Project("{FAE04EC0-301F-11D3-BF4B-00C04F79EFBC}") = "DapperSample", "DapperSample\DapperSample.csproj", "{EFC2A781-5508-4A85-8931-88CAB7F32147}"
EndProject
Project("{00D1A9C2-B5F0-4AF3-8072-F6C62B433612}") = "DBSystem", "DBSystem\DBSystem.sqlproj", "{96474C43-5E5C-45BC-A34A-F1D34B857326}"
EndProject
Global
	GlobalSection(SolutionConfigurationPlatforms) = preSolution
		Debug|Any CPU = Debug|Any CPU
		Release|Any CPU = Release|Any CPU
	EndGlobalSection
	GlobalSection(ProjectConfigurationPlatforms) = postSolution
		{EFC2A781-5508-4A85-8931-88CAB7F32147}.Debug|Any CPU.ActiveCfg = Debug|Any CPU
		{EFC2A781-5508-4A85-8931-88CAB7F32147}.Debug|Any CPU.Build.0 = Debug|Any CPU
		{EFC2A781-5508-4A85-8931-88CAB7F32147}.Release|Any CPU.ActiveCfg = Release|Any CPU
		{EFC2A781-5508-4A85-8931-88CAB7F32147}.Release|Any CPU.Build.0 = Release|Any CPU
		{96474C43-5E5C-45BC-A34A-F1D34B857326}.Debug|Any CPU.ActiveCfg = Debug|Any CPU
		{96474C43-5E5C-45BC-A34A-F1D34B857326}.Debug|Any CPU.Build.0 = Debug|Any CPU
		{96474C43-5E5C-45BC-A34A-F1D34B857326}.Debug|Any CPU.Deploy.0 = Debug|Any CPU
		{96474C43-5E5C-45BC-A34A-F1D34B857326}.Release|Any CPU.ActiveCfg = Release|Any CPU
		{96474C43-5E5C-45BC-A34A-F1D34B857326}.Release|Any CPU.Build.0 = Release|Any CPU
		{96474C43-5E5C-45BC-A34A-F1D34B857326}.Release|Any CPU.Deploy.0 = Release|Any CPU
	EndGlobalSection
	GlobalSection(SolutionProperties) = preSolution
		HideSolutionNode = FALSE
	EndGlobalSection
	GlobalSection(ExtensibilityGlobals) = postSolution
		SolutionGuid = {93D083AA-ED62-4488-94AC-CD1AD754904A}
	EndGlobalSection
EndGlobal
