
Microsoft Visual Studio Solution File, Format Version 12.00
# Visual Studio Version 17
VisualStudioVersion = 17.8.34330.188
MinimumVisualStudioVersion = 10.0.40219.1
Project("{FAE04EC0-301F-11D3-BF4B-00C04F79EFBC}") = "ResourceAPIServices", "ResourceAPIServices\ResourceAPIServices.csproj", "{D6B3EFEA-0600-4698-9394-991D5945C6DB}"
EndProject
Project("{FAE04EC0-301F-11D3-BF4B-00C04F79EFBC}") = "DataAccess", "DataAccess\DataAccess.csproj", "{F7016741-7002-406E-969D-403D37AF35E1}"
EndProject
Project("{FAE04EC0-301F-11D3-BF4B-00C04F79EFBC}") = "ResourceAppLayer", "ResourceAppLayer\ResourceAppLayer.csproj", "{E385E155-E8C3-426E-B58E-74F8E28DA645}"
EndProject
Global
	GlobalSection(SolutionConfigurationPlatforms) = preSolution
		Debug|Any CPU = Debug|Any CPU
		Release|Any CPU = Release|Any CPU
	EndGlobalSection
	GlobalSection(ProjectConfigurationPlatforms) = postSolution
		{D6B3EFEA-0600-4698-9394-991D5945C6DB}.Debug|Any CPU.ActiveCfg = Debug|Any CPU
		{D6B3EFEA-0600-4698-9394-991D5945C6DB}.Debug|Any CPU.Build.0 = Debug|Any CPU
		{D6B3EFEA-0600-4698-9394-991D5945C6DB}.Release|Any CPU.ActiveCfg = Release|Any CPU
		{D6B3EFEA-0600-4698-9394-991D5945C6DB}.Release|Any CPU.Build.0 = Release|Any CPU
		{F7016741-7002-406E-969D-403D37AF35E1}.Debug|Any CPU.ActiveCfg = Debug|Any CPU
		{F7016741-7002-406E-969D-403D37AF35E1}.Debug|Any CPU.Build.0 = Debug|Any CPU
		{F7016741-7002-406E-969D-403D37AF35E1}.Release|Any CPU.ActiveCfg = Release|Any CPU
		{F7016741-7002-406E-969D-403D37AF35E1}.Release|Any CPU.Build.0 = Release|Any CPU
		{E385E155-E8C3-426E-B58E-74F8E28DA645}.Debug|Any CPU.ActiveCfg = Debug|Any CPU
		{E385E155-E8C3-426E-B58E-74F8E28DA645}.Debug|Any CPU.Build.0 = Debug|Any CPU
		{E385E155-E8C3-426E-B58E-74F8E28DA645}.Release|Any CPU.ActiveCfg = Release|Any CPU
		{E385E155-E8C3-426E-B58E-74F8E28DA645}.Release|Any CPU.Build.0 = Release|Any CPU
	EndGlobalSection
	GlobalSection(SolutionProperties) = preSolution
		HideSolutionNode = FALSE
	EndGlobalSection
	GlobalSection(ExtensibilityGlobals) = postSolution
		SolutionGuid = {36DF3938-C49B-41F5-82D0-716025FEC92C}
	EndGlobalSection
EndGlobal
